
Microsoft Visual Studio Solution File, Format Version 12.00
# Visual Studio 15
VisualStudioVersion = 15.0.28307.421
MinimumVisualStudioVersion = 10.0.40219.1
Project("{FAE04EC0-301F-11D3-BF4B-00C04F79EFBC}") = "SEC203PasswordCreator", "SEC203PasswordCreator\SEC203PasswordCreator.csproj", "{21C29223-CE52-4A2C-9E5D-7A7B1211C66E}"
EndProject
Project("{2150E333-8FDC-42A3-9474-1A3956D46DE8}") = "Solution Items", "Solution Items", "{C85B6DFD-2EE5-4E25-BE42-B8969449EC15}"
	ProjectSection(SolutionItems) = preProject
		Creator.cs = Creator.cs
	EndProjectSection
EndProject
Global
	GlobalSection(SolutionConfigurationPlatforms) = preSolution
		Debug|ARM = Debug|ARM
		Debug|ARM64 = Debug|ARM64
		Debug|x64 = Debug|x64
		Debug|x86 = Debug|x86
		Release|ARM = Release|ARM
		Release|ARM64 = Release|ARM64
		Release|x64 = Release|x64
		Release|x86 = Release|x86
	EndGlobalSection
	GlobalSection(ProjectConfigurationPlatforms) = postSolution
		{21C29223-CE52-4A2C-9E5D-7A7B1211C66E}.Debug|ARM.ActiveCfg = Debug|ARM
		{21C29223-CE52-4A2C-9E5D-7A7B1211C66E}.Debug|ARM.Build.0 = Debug|ARM
		{21C29223-CE52-4A2C-9E5D-7A7B1211C66E}.Debug|ARM.Deploy.0 = Debug|ARM
		{21C29223-CE52-4A2C-9E5D-7A7B1211C66E}.Debug|ARM64.ActiveCfg = Debug|ARM64
		{21C29223-CE52-4A2C-9E5D-7A7B1211C66E}.Debug|ARM64.Build.0 = Debug|ARM64
		{21C29223-CE52-4A2C-9E5D-7A7B1211C66E}.Debug|ARM64.Deploy.0 = Debug|ARM64
		{21C29223-CE52-4A2C-9E5D-7A7B1211C66E}.Debug|x64.ActiveCfg = Debug|x64
		{21C29223-CE52-4A2C-9E5D-7A7B1211C66E}.Debug|x64.Build.0 = Debug|x64
		{21C29223-CE52-4A2C-9E5D-7A7B1211C66E}.Debug|x64.Deploy.0 = Debug|x64
		{21C29223-CE52-4A2C-9E5D-7A7B1211C66E}.Debug|x86.ActiveCfg = Debug|x86
		{21C29223-CE52-4A2C-9E5D-7A7B1211C66E}.Debug|x86.Build.0 = Debug|x86
		{21C29223-CE52-4A2C-9E5D-7A7B1211C66E}.Debug|x86.Deploy.0 = Debug|x86
		{21C29223-CE52-4A2C-9E5D-7A7B1211C66E}.Release|ARM.ActiveCfg = Release|ARM
		{21C29223-CE52-4A2C-9E5D-7A7B1211C66E}.Release|ARM.Build.0 = Release|ARM
		{21C29223-CE52-4A2C-9E5D-7A7B1211C66E}.Release|ARM.Deploy.0 = Release|ARM
		{21C29223-CE52-4A2C-9E5D-7A7B1211C66E}.Release|ARM64.ActiveCfg = Release|ARM64
		{21C29223-CE52-4A2C-9E5D-7A7B1211C66E}.Release|ARM64.Build.0 = Release|ARM64
		{21C29223-CE52-4A2C-9E5D-7A7B1211C66E}.Release|ARM64.Deploy.0 = Release|ARM64
		{21C29223-CE52-4A2C-9E5D-7A7B1211C66E}.Release|x64.ActiveCfg = Release|x64
		{21C29223-CE52-4A2C-9E5D-7A7B1211C66E}.Release|x64.Build.0 = Release|x64
		{21C29223-CE52-4A2C-9E5D-7A7B1211C66E}.Release|x64.Deploy.0 = Release|x64
		{21C29223-CE52-4A2C-9E5D-7A7B1211C66E}.Release|x86.ActiveCfg = Release|x86
		{21C29223-CE52-4A2C-9E5D-7A7B1211C66E}.Release|x86.Build.0 = Release|x86
		{21C29223-CE52-4A2C-9E5D-7A7B1211C66E}.Release|x86.Deploy.0 = Release|x86
	EndGlobalSection
	GlobalSection(SolutionProperties) = preSolution
		HideSolutionNode = FALSE
	EndGlobalSection
	GlobalSection(ExtensibilityGlobals) = postSolution
		SolutionGuid = {52387FE2-CD1A-4AA8-85D8-146DD75BC8B7}
	EndGlobalSection
EndGlobal
